
Microsoft Visual Studio Solution File, Format Version 12.00
# Visual Studio Version 17
VisualStudioVersion = 17.7.34009.444
MinimumVisualStudioVersion = 10.0.40219.1
Project("{FAE04EC0-301F-11D3-BF4B-00C04F79EFBC}") = "Tugas PBO Modul Praktikum_Evianita Fiks", "Tugas PBO Modul Praktikum_Evianita Fiks\Tugas PBO Modul Praktikum_Evianita Fiks.csproj", "{1459E93B-0DE9-42CA-98FA-D38207E74793}"
EndProject
Global
	GlobalSection(SolutionConfigurationPlatforms) = preSolution
		Debug|Any CPU = Debug|Any CPU
		Release|Any CPU = Release|Any CPU
	EndGlobalSection
	GlobalSection(ProjectConfigurationPlatforms) = postSolution
		{1459E93B-0DE9-42CA-98FA-D38207E74793}.Debug|Any CPU.ActiveCfg = Debug|Any CPU
		{1459E93B-0DE9-42CA-98FA-D38207E74793}.Debug|Any CPU.Build.0 = Debug|Any CPU
		{1459E93B-0DE9-42CA-98FA-D38207E74793}.Release|Any CPU.ActiveCfg = Release|Any CPU
		{1459E93B-0DE9-42CA-98FA-D38207E74793}.Release|Any CPU.Build.0 = Release|Any CPU
	EndGlobalSection
	GlobalSection(SolutionProperties) = preSolution
		HideSolutionNode = FALSE
	EndGlobalSection
	GlobalSection(ExtensibilityGlobals) = postSolution
		SolutionGuid = {0DDDC67E-3E1B-4374-BD20-2BC13A54BE0D}
	EndGlobalSection
EndGlobal
